
Microsoft Visual Studio Solution File, Format Version 12.00
# Visual Studio Version 17
VisualStudioVersion = 17.2.32616.157
MinimumVisualStudioVersion = 10.0.40219.1
Project("{FAE04EC0-301F-11D3-BF4B-00C04F79EFBC}") = "calcu", "calcu\calcu.csproj", "{D76CDCD1-C0F8-41B0-9779-DF7BEE6940CF}"
EndProject
Global
	GlobalSection(SolutionConfigurationPlatforms) = preSolution
		Debug|Any CPU = Debug|Any CPU
		Release|Any CPU = Release|Any CPU
	EndGlobalSection
	GlobalSection(ProjectConfigurationPlatforms) = postSolution
		{D76CDCD1-C0F8-41B0-9779-DF7BEE6940CF}.Debug|Any CPU.ActiveCfg = Debug|Any CPU
		{D76CDCD1-C0F8-41B0-9779-DF7BEE6940CF}.Debug|Any CPU.Build.0 = Debug|Any CPU
		{D76CDCD1-C0F8-41B0-9779-DF7BEE6940CF}.Release|Any CPU.ActiveCfg = Release|Any CPU
		{D76CDCD1-C0F8-41B0-9779-DF7BEE6940CF}.Release|Any CPU.Build.0 = Release|Any CPU
	EndGlobalSection
	GlobalSection(SolutionProperties) = preSolution
		HideSolutionNode = FALSE
	EndGlobalSection
	GlobalSection(ExtensibilityGlobals) = postSolution
		SolutionGuid = {5A68D1DF-5200-416C-A37C-44FBC1087CB7}
	EndGlobalSection
EndGlobal
